
Microsoft Visual Studio Solution File, Format Version 12.00
# Visual Studio 2012
Project("{FAE04EC0-301F-11D3-BF4B-00C04F79EFBC}") = "SimpleSportsStore.WebUI", "SimpleSportsStore.WebUI\SimpleSportsStore.WebUI.csproj", "{E1784C8E-B00A-456D-ACFE-E59F5504DE58}"
EndProject
Project("{FAE04EC0-301F-11D3-BF4B-00C04F79EFBC}") = "SimpleSportsStore.Tests", "SimpleSportsStore.Tests\SimpleSportsStore.Tests.csproj", "{EE1C22F9-FFA9-48C5-AAED-E043260E9BCA}"
EndProject
Project("{FAE04EC0-301F-11D3-BF4B-00C04F79EFBC}") = "SimpleSportsStore.Domain", "SimpleSportsStore.Domain\SimpleSportsStore.Domain.csproj", "{81E0D1A0-D85B-406A-97D9-B8A4DC185859}"
EndProject
Global
	GlobalSection(SolutionConfigurationPlatforms) = preSolution
		Debug|Any CPU = Debug|Any CPU
		Release|Any CPU = Release|Any CPU
	EndGlobalSection
	GlobalSection(ProjectConfigurationPlatforms) = postSolution
		{E1784C8E-B00A-456D-ACFE-E59F5504DE58}.Debug|Any CPU.ActiveCfg = Debug|Any CPU
		{E1784C8E-B00A-456D-ACFE-E59F5504DE58}.Debug|Any CPU.Build.0 = Debug|Any CPU
		{E1784C8E-B00A-456D-ACFE-E59F5504DE58}.Release|Any CPU.ActiveCfg = Release|Any CPU
		{E1784C8E-B00A-456D-ACFE-E59F5504DE58}.Release|Any CPU.Build.0 = Release|Any CPU
		{EE1C22F9-FFA9-48C5-AAED-E043260E9BCA}.Debug|Any CPU.ActiveCfg = Debug|Any CPU
		{EE1C22F9-FFA9-48C5-AAED-E043260E9BCA}.Debug|Any CPU.Build.0 = Debug|Any CPU
		{EE1C22F9-FFA9-48C5-AAED-E043260E9BCA}.Release|Any CPU.ActiveCfg = Release|Any CPU
		{EE1C22F9-FFA9-48C5-AAED-E043260E9BCA}.Release|Any CPU.Build.0 = Release|Any CPU
		{81E0D1A0-D85B-406A-97D9-B8A4DC185859}.Debug|Any CPU.ActiveCfg = Debug|Any CPU
		{81E0D1A0-D85B-406A-97D9-B8A4DC185859}.Debug|Any CPU.Build.0 = Debug|Any CPU
		{81E0D1A0-D85B-406A-97D9-B8A4DC185859}.Release|Any CPU.ActiveCfg = Release|Any CPU
		{81E0D1A0-D85B-406A-97D9-B8A4DC185859}.Release|Any CPU.Build.0 = Release|Any CPU
	EndGlobalSection
	GlobalSection(SolutionProperties) = preSolution
		HideSolutionNode = FALSE
	EndGlobalSection
EndGlobal
